
Microsoft Visual Studio Solution File, Format Version 12.00
# Visual Studio Version 17
VisualStudioVersion = 17.7.34031.279
MinimumVisualStudioVersion = 10.0.40219.1
Project("{FAE04EC0-301F-11D3-BF4B-00C04F79EFBC}") = "WebApplication2", "WebApplication2\WebApplication2.csproj", "{D0D2EDF2-EB28-4307-B2FF-BE0A464D7FE2}"
EndProject
Global
	GlobalSection(SolutionConfigurationPlatforms) = preSolution
		Debug|Any CPU = Debug|Any CPU
		Release|Any CPU = Release|Any CPU
	EndGlobalSection
	GlobalSection(ProjectConfigurationPlatforms) = postSolution
		{D0D2EDF2-EB28-4307-B2FF-BE0A464D7FE2}.Debug|Any CPU.ActiveCfg = Debug|Any CPU
		{D0D2EDF2-EB28-4307-B2FF-BE0A464D7FE2}.Debug|Any CPU.Build.0 = Debug|Any CPU
		{D0D2EDF2-EB28-4307-B2FF-BE0A464D7FE2}.Release|Any CPU.ActiveCfg = Release|Any CPU
		{D0D2EDF2-EB28-4307-B2FF-BE0A464D7FE2}.Release|Any CPU.Build.0 = Release|Any CPU
	EndGlobalSection
	GlobalSection(SolutionProperties) = preSolution
		HideSolutionNode = FALSE
	EndGlobalSection
	GlobalSection(ExtensibilityGlobals) = postSolution
		SolutionGuid = {D1476F5C-2F7E-43A8-B8A2-C4B7E700067B}
	EndGlobalSection
EndGlobal
